// !$*UTF8*$!
{
	archiveVersion = 1;
	classes = {
	};
	objectVersion = 56;
	objects = {

/* Begin PBXBuildFile section */
		B020D3C72AA3A6CD003B1BED /* HomeCategoryCollectionViewCell.swift in Sources */ = {isa = PBXBuildFile; fileRef = B020D3C62AA3A6CD003B1BED /* HomeCategoryCollectionViewCell.swift */; };
		B020D3CA2ABD48D9003B1BED /* LogInViewController.swift in Sources */ = {isa = PBXBuildFile; fileRef = B020D3C92ABD48D9003B1BED /* LogInViewController.swift */; };
		B020D3CC2ABD48E5003B1BED /* RegisterViewController.swift in Sources */ = {isa = PBXBuildFile; fileRef = B020D3CB2ABD48E5003B1BED /* RegisterViewController.swift */; };
		B020D3CF2AC005C7003B1BED /* FirebaseAuth in Frameworks */ = {isa = PBXBuildFile; productRef = B020D3CE2AC005C7003B1BED /* FirebaseAuth */; };
		B020D3D12AC005C7003B1BED /* FirebaseDatabaseSwift in Frameworks */ = {isa = PBXBuildFile; productRef = B020D3D02AC005C7003B1BED /* FirebaseDatabaseSwift */; };
		B020D3D32AC005C7003B1BED /* FirebaseStorage in Frameworks */ = {isa = PBXBuildFile; productRef = B020D3D22AC005C7003B1BED /* FirebaseStorage */; };
		B020D3D72AC00871003B1BED /* GoogleService-Info.plist in Resources */ = {isa = PBXBuildFile; fileRef = B020D3D62AC00871003B1BED /* GoogleService-Info.plist */; };
		B020D3D92AC01B38003B1BED /* KonnectViewController.swift in Sources */ = {isa = PBXBuildFile; fileRef = B020D3D82AC01B38003B1BED /* KonnectViewController.swift */; };
		B020D3DB2AC01D04003B1BED /* DatabaseManager.swift in Sources */ = {isa = PBXBuildFile; fileRef = B020D3DA2AC01D04003B1BED /* DatabaseManager.swift */; };
		B020D3DE2AC0FEC6003B1BED /* GoogleSignInSwift in Frameworks */ = {isa = PBXBuildFile; productRef = B020D3DD2AC0FEC6003B1BED /* GoogleSignInSwift */; };
		B020D3E02AC53D57003B1BED /* TableHeader.swift in Sources */ = {isa = PBXBuildFile; fileRef = B020D3DF2AC53D57003B1BED /* TableHeader.swift */; };
		B020D3E22AC79EFF003B1BED /* StorageManager.swift in Sources */ = {isa = PBXBuildFile; fileRef = B020D3E12AC79EFF003B1BED /* StorageManager.swift */; };
		B020D3E52AC7B06F003B1BED /* ProgressHUD in Frameworks */ = {isa = PBXBuildFile; productRef = B020D3E42AC7B06F003B1BED /* ProgressHUD */; };
		B020D3E72AC7CCDA003B1BED /* SearchViewController.swift in Sources */ = {isa = PBXBuildFile; fileRef = B020D3E62AC7CCDA003B1BED /* SearchViewController.swift */; };
		B020D3EA2AC7DD7E003B1BED /* SearchUserTableviewCell.swift in Sources */ = {isa = PBXBuildFile; fileRef = B020D3E92AC7DD7E003B1BED /* SearchUserTableviewCell.swift */; };
		B020D3EC2AC8F40F003B1BED /* KonnectSessionViewController.swift in Sources */ = {isa = PBXBuildFile; fileRef = B020D3EB2AC8F40F003B1BED /* KonnectSessionViewController.swift */; };
		B020D3EE2AC8FA8A003B1BED /* KonnectSessionView.xib in Resources */ = {isa = PBXBuildFile; fileRef = B020D3ED2AC8FA8A003B1BED /* KonnectSessionView.xib */; };
		B020D3F02AC8FB14003B1BED /* KonnectSessionView.swift in Sources */ = {isa = PBXBuildFile; fileRef = B020D3EF2AC8FB14003B1BED /* KonnectSessionView.swift */; };
		B020D3F32AD523AC003B1BED /* Kingfisher in Frameworks */ = {isa = PBXBuildFile; productRef = B020D3F22AD523AC003B1BED /* Kingfisher */; };
		B027F4B02AD776C60093BD17 /* KonnectVCTableCell.swift in Sources */ = {isa = PBXBuildFile; fileRef = B027F4AF2AD776C60093BD17 /* KonnectVCTableCell.swift */; };
		B027F4B22AE37B860093BD17 /* KonnectSessionCell.swift in Sources */ = {isa = PBXBuildFile; fileRef = B027F4B12AE37B860093BD17 /* KonnectSessionCell.swift */; };
		B027F4B42B278F680093BD17 /* NotificationsViewController.swift in Sources */ = {isa = PBXBuildFile; fileRef = B027F4B32B278F680093BD17 /* NotificationsViewController.swift */; };
		B027F4B62B2791300093BD17 /* NotificationsTableViewCell.swift in Sources */ = {isa = PBXBuildFile; fileRef = B027F4B52B2791300093BD17 /* NotificationsTableViewCell.swift */; };
		B027F4B82B2BC1EE0093BD17 /* NotificationBottomSheetVC.swift in Sources */ = {isa = PBXBuildFile; fileRef = B027F4B72B2BC1EE0093BD17 /* NotificationBottomSheetVC.swift */; };
		B027F4BB2B3FC1C90093BD17 /* BLTNBoard in Frameworks */ = {isa = PBXBuildFile; productRef = B027F4BA2B3FC1C90093BD17 /* BLTNBoard */; };
		B027F4C02B4470E30093BD17 /* FirebaseMessaging in Frameworks */ = {isa = PBXBuildFile; productRef = B027F4BF2B4470E30093BD17 /* FirebaseMessaging */; };
		B038A45C29F6295E0075E816 /* CircleButtonView.swift in Sources */ = {isa = PBXBuildFile; fileRef = B038A45B29F6295E0075E816 /* CircleButtonView.swift */; };
		B038A46029F62BEC0075E816 /* ShowCreatedCatViewController.swift in Sources */ = {isa = PBXBuildFile; fileRef = B038A45F29F62BEC0075E816 /* ShowCreatedCatViewController.swift */; };
		B038A46229F634760075E816 /* ShowCreatedCatCell.swift in Sources */ = {isa = PBXBuildFile; fileRef = B038A46129F634760075E816 /* ShowCreatedCatCell.swift */; };
		B038A4662A04ADFA0075E816 /* CustomToastView.swift in Sources */ = {isa = PBXBuildFile; fileRef = B038A4652A04ADFA0075E816 /* CustomToastView.swift */; };
		B038A4682A04AE050075E816 /* CustomToastView.xib in Resources */ = {isa = PBXBuildFile; fileRef = B038A4672A04AE050075E816 /* CustomToastView.xib */; };
		B03FE0992A86F14600944998 /* HistoryModel.xcdatamodeld in Sources */ = {isa = PBXBuildFile; fileRef = B03FE0972A86F14600944998 /* HistoryModel.xcdatamodeld */; };
		B03FE09C2A86F2ED00944998 /* OpenAISwift in Frameworks */ = {isa = PBXBuildFile; productRef = B03FE09B2A86F2ED00944998 /* OpenAISwift */; };
		B03FE09E2A86F3B100944998 /* MainView.swift in Sources */ = {isa = PBXBuildFile; fileRef = B03FE09D2A86F3B100944998 /* MainView.swift */; };
		B03FE0A02A86F41700944998 /* HistoryView.swift in Sources */ = {isa = PBXBuildFile; fileRef = B03FE09F2A86F41700944998 /* HistoryView.swift */; };
		B03FE0A22A86F44000944998 /* SwiftUIModel.swift in Sources */ = {isa = PBXBuildFile; fileRef = B03FE0A12A86F44000944998 /* SwiftUIModel.swift */; };
		B03FE0A42A86F46700944998 /* CoreDataManager.swift in Sources */ = {isa = PBXBuildFile; fileRef = B03FE0A32A86F46700944998 /* CoreDataManager.swift */; };
		B03FE0A62A86F4A400944998 /* String+Extension.swift in Sources */ = {isa = PBXBuildFile; fileRef = B03FE0A52A86F4A400944998 /* String+Extension.swift */; };
		B03FE0A92A8B04F600944998 /* ContentView.swift in Sources */ = {isa = PBXBuildFile; fileRef = B03FE0A82A8B04F600944998 /* ContentView.swift */; };
		B03FE0AB2A92ED3200944998 /* ShowPaymentOptionsView.xib in Resources */ = {isa = PBXBuildFile; fileRef = B03FE0AA2A92ED3200944998 /* ShowPaymentOptionsView.xib */; };
		B03FE0AD2A92EE3700944998 /* ShowPaymentOptionsView.swift in Sources */ = {isa = PBXBuildFile; fileRef = B03FE0AC2A92EE3700944998 /* ShowPaymentOptionsView.swift */; };
		B03FE0AF2A96D11800944998 /* TextToSpeechViewController.swift in Sources */ = {isa = PBXBuildFile; fileRef = B03FE0AE2A96D11800944998 /* TextToSpeechViewController.swift */; };
		B076CA412A9AC3E000FCC868 /* PaymentViewController.swift in Sources */ = {isa = PBXBuildFile; fileRef = B076CA402A9AC3E000FCC868 /* PaymentViewController.swift */; };
		B076CA452A9ACE0D00FCC868 /* PurchaseInfoCollectionViewCell.swift in Sources */ = {isa = PBXBuildFile; fileRef = B076CA442A9ACE0D00FCC868 /* PurchaseInfoCollectionViewCell.swift */; };
		B076CA472A9AEA9C00FCC868 /* Constants.swift in Sources */ = {isa = PBXBuildFile; fileRef = B076CA462A9AEA9C00FCC868 /* Constants.swift */; };
		B0AFEA6829B2C4A3007A29B9 /* CustomCollectionViewCell.swift in Sources */ = {isa = PBXBuildFile; fileRef = B0AFEA6729B2C4A3007A29B9 /* CustomCollectionViewCell.swift */; };
		B0AFEA6B29B92D04007A29B9 /* Toast in Frameworks */ = {isa = PBXBuildFile; productRef = B0AFEA6A29B92D04007A29B9 /* Toast */; };
		B0BF954B294950200099C33F /* AppDelegate.swift in Sources */ = {isa = PBXBuildFile; fileRef = B0BF954A294950200099C33F /* AppDelegate.swift */; };
		B0BF954D294950200099C33F /* SceneDelegate.swift in Sources */ = {isa = PBXBuildFile; fileRef = B0BF954C294950200099C33F /* SceneDelegate.swift */; };
		B0BF954F294950200099C33F /* HomeViewController.swift in Sources */ = {isa = PBXBuildFile; fileRef = B0BF954E294950200099C33F /* HomeViewController.swift */; };
		B0BF9552294950200099C33F /* Main.storyboard in Resources */ = {isa = PBXBuildFile; fileRef = B0BF9550294950200099C33F /* Main.storyboard */; };
		B0BF9554294950210099C33F /* Assets.xcassets in Resources */ = {isa = PBXBuildFile; fileRef = B0BF9553294950210099C33F /* Assets.xcassets */; };
		B0BF9557294950210099C33F /* LaunchScreen.storyboard in Resources */ = {isa = PBXBuildFile; fileRef = B0BF9555294950210099C33F /* LaunchScreen.storyboard */; };
		B0BF955F294960EC0099C33F /* Koloda.framework in Frameworks */ = {isa = PBXBuildFile; fileRef = B0BF955E294960EC0099C33F /* Koloda.framework */; };
		B0BF9561294986930099C33F /* CategoriesCollectionView.swift in Sources */ = {isa = PBXBuildFile; fileRef = B0BF9560294986930099C33F /* CategoriesCollectionView.swift */; };
		B0BF956329498AE40099C33F /* CategoryCollectionViewCell.swift in Sources */ = {isa = PBXBuildFile; fileRef = B0BF956229498AE40099C33F /* CategoryCollectionViewCell.swift */; };
		B0BF9566294999DF0099C33F /* HeaderCollectionReusableView.swift in Sources */ = {isa = PBXBuildFile; fileRef = B0BF9564294999DF0099C33F /* HeaderCollectionReusableView.swift */; };
		B0BF9567294999DF0099C33F /* HeaderCollectionReusableView.xib in Resources */ = {isa = PBXBuildFile; fileRef = B0BF9565294999DF0099C33F /* HeaderCollectionReusableView.xib */; };
		B0C4D28C296201A800E3AB50 /* CustomizeViewController.swift in Sources */ = {isa = PBXBuildFile; fileRef = B0C4D28B296201A800E3AB50 /* CustomizeViewController.swift */; };
		B0C4D29029622C7500E3AB50 /* DesignableX in Resources */ = {isa = PBXBuildFile; fileRef = B0C4D28F29622C7500E3AB50 /* DesignableX */; };
		B0C6FA6F294EDF8B00C5B3EB /* data.json in Resources */ = {isa = PBXBuildFile; fileRef = B0C6FA6E294EDF8B00C5B3EB /* data.json */; };
		B0C6FA72294EE23500C5B3EB /* Model.swift in Sources */ = {isa = PBXBuildFile; fileRef = B0C6FA71294EE23500C5B3EB /* Model.swift */; };
		B0C6FA772958290500C5B3EB /* Disk in Frameworks */ = {isa = PBXBuildFile; productRef = B0C6FA762958290500C5B3EB /* Disk */; };
		B0C6FA7B2958295800C5B3EB /* DataManager.swift in Sources */ = {isa = PBXBuildFile; fileRef = B0C6FA7A2958295800C5B3EB /* DataManager.swift */; };
		B0C6FA7D29582BAB00C5B3EB /* Extensions.swift in Sources */ = {isa = PBXBuildFile; fileRef = B0C6FA7C29582BAB00C5B3EB /* Extensions.swift */; };
		B0E3C2A329ABE70A00BBFE91 /* CreateCardViewController.swift in Sources */ = {isa = PBXBuildFile; fileRef = B0E3C2A229ABE70A00BBFE91 /* CreateCardViewController.swift */; };
		B0F8D8AC2964C0D10069B057 /* BottomSheetViewController.swift in Sources */ = {isa = PBXBuildFile; fileRef = B0F8D8AB2964C0D10069B057 /* BottomSheetViewController.swift */; };
		B0F8D8AF29655A230069B057 /* FavoritesCollectionReusableView.swift in Sources */ = {isa = PBXBuildFile; fileRef = B0F8D8AD29655A230069B057 /* FavoritesCollectionReusableView.swift */; };
		B0F8D8B029655A230069B057 /* FavoritesCollectionReusableView.xib in Resources */ = {isa = PBXBuildFile; fileRef = B0F8D8AE29655A230069B057 /* FavoritesCollectionReusableView.xib */; };
		BE20F9012548500A175D3ED4 /* Pods_DateNight.framework in Frameworks */ = {isa = PBXBuildFile; fileRef = 009AF38AFBCBC5FC482807F7 /* Pods_DateNight.framework */; };
/* End PBXBuildFile section */

/* Begin PBXFileReference section */
		009AF38AFBCBC5FC482807F7 /* Pods_DateNight.framework */ = {isa = PBXFileReference; explicitFileType = wrapper.framework; includeInIndex = 0; path = Pods_DateNight.framework; sourceTree = BUILT_PRODUCTS_DIR; };
		3CEE1F98F8142C5A3EB66C91 /* Pods-DateNight.debug.xcconfig */ = {isa = PBXFileReference; includeInIndex = 1; lastKnownFileType = text.xcconfig; name = "Pods-DateNight.debug.xcconfig"; path = "Target Support Files/Pods-DateNight/Pods-DateNight.debug.xcconfig"; sourceTree = "<group>"; };
		9FAC6A53F2581DFB8D1699A6 /* Pods-DateNight.release.xcconfig */ = {isa = PBXFileReference; includeInIndex = 1; lastKnownFileType = text.xcconfig; name = "Pods-DateNight.release.xcconfig"; path = "Target Support Files/Pods-DateNight/Pods-DateNight.release.xcconfig"; sourceTree = "<group>"; };
		B020D3C62AA3A6CD003B1BED /* HomeCategoryCollectionViewCell.swift */ = {isa = PBXFileReference; lastKnownFileType = sourcecode.swift; path = HomeCategoryCollectionViewCell.swift; sourceTree = "<group>"; };
		B020D3C92ABD48D9003B1BED /* LogInViewController.swift */ = {isa = PBXFileReference; lastKnownFileType = sourcecode.swift; path = LogInViewController.swift; sourceTree = "<group>"; };
		B020D3CB2ABD48E5003B1BED /* RegisterViewController.swift */ = {isa = PBXFileReference; lastKnownFileType = sourcecode.swift; path = RegisterViewController.swift; sourceTree = "<group>"; };
		B020D3D62AC00871003B1BED /* GoogleService-Info.plist */ = {isa = PBXFileReference; fileEncoding = 4; lastKnownFileType = text.plist.xml; path = "GoogleService-Info.plist"; sourceTree = "<group>"; };
		B020D3D82AC01B38003B1BED /* KonnectViewController.swift */ = {isa = PBXFileReference; lastKnownFileType = sourcecode.swift; path = KonnectViewController.swift; sourceTree = "<group>"; };
		B020D3DA2AC01D04003B1BED /* DatabaseManager.swift */ = {isa = PBXFileReference; lastKnownFileType = sourcecode.swift; path = DatabaseManager.swift; sourceTree = "<group>"; };
		B020D3DF2AC53D57003B1BED /* TableHeader.swift */ = {isa = PBXFileReference; lastKnownFileType = sourcecode.swift; path = TableHeader.swift; sourceTree = "<group>"; };
		B020D3E12AC79EFF003B1BED /* StorageManager.swift */ = {isa = PBXFileReference; lastKnownFileType = sourcecode.swift; path = StorageManager.swift; sourceTree = "<group>"; };
		B020D3E62AC7CCDA003B1BED /* SearchViewController.swift */ = {isa = PBXFileReference; lastKnownFileType = sourcecode.swift; path = SearchViewController.swift; sourceTree = "<group>"; };
		B020D3E92AC7DD7E003B1BED /* SearchUserTableviewCell.swift */ = {isa = PBXFileReference; lastKnownFileType = sourcecode.swift; path = SearchUserTableviewCell.swift; sourceTree = "<group>"; };
		B020D3EB2AC8F40F003B1BED /* KonnectSessionViewController.swift */ = {isa = PBXFileReference; lastKnownFileType = sourcecode.swift; path = KonnectSessionViewController.swift; sourceTree = "<group>"; };
		B020D3ED2AC8FA8A003B1BED /* KonnectSessionView.xib */ = {isa = PBXFileReference; lastKnownFileType = file.xib; path = KonnectSessionView.xib; sourceTree = "<group>"; };
		B020D3EF2AC8FB14003B1BED /* KonnectSessionView.swift */ = {isa = PBXFileReference; lastKnownFileType = sourcecode.swift; path = KonnectSessionView.swift; sourceTree = "<group>"; };
		B027F4AF2AD776C60093BD17 /* KonnectVCTableCell.swift */ = {isa = PBXFileReference; lastKnownFileType = sourcecode.swift; path = KonnectVCTableCell.swift; sourceTree = "<group>"; };
		B027F4B12AE37B860093BD17 /* KonnectSessionCell.swift */ = {isa = PBXFileReference; lastKnownFileType = sourcecode.swift; path = KonnectSessionCell.swift; sourceTree = "<group>"; };
		B027F4B32B278F680093BD17 /* NotificationsViewController.swift */ = {isa = PBXFileReference; lastKnownFileType = sourcecode.swift; path = NotificationsViewController.swift; sourceTree = "<group>"; };
		B027F4B52B2791300093BD17 /* NotificationsTableViewCell.swift */ = {isa = PBXFileReference; lastKnownFileType = sourcecode.swift; path = NotificationsTableViewCell.swift; sourceTree = "<group>"; };
		B027F4B72B2BC1EE0093BD17 /* NotificationBottomSheetVC.swift */ = {isa = PBXFileReference; lastKnownFileType = sourcecode.swift; path = NotificationBottomSheetVC.swift; sourceTree = "<group>"; };
		B027F4C12B4479E70093BD17 /* DateNight.entitlements */ = {isa = PBXFileReference; lastKnownFileType = text.plist.entitlements; path = DateNight.entitlements; sourceTree = "<group>"; };
		B038A45B29F6295E0075E816 /* CircleButtonView.swift */ = {isa = PBXFileReference; fileEncoding = 4; lastKnownFileType = sourcecode.swift; path = CircleButtonView.swift; sourceTree = "<group>"; };
		B038A45F29F62BEC0075E816 /* ShowCreatedCatViewController.swift */ = {isa = PBXFileReference; lastKnownFileType = sourcecode.swift; path = ShowCreatedCatViewController.swift; sourceTree = "<group>"; };
		B038A46129F634760075E816 /* ShowCreatedCatCell.swift */ = {isa = PBXFileReference; lastKnownFileType = sourcecode.swift; path = ShowCreatedCatCell.swift; sourceTree = "<group>"; };
		B038A4652A04ADFA0075E816 /* CustomToastView.swift */ = {isa = PBXFileReference; lastKnownFileType = sourcecode.swift; path = CustomToastView.swift; sourceTree = "<group>"; };
		B038A4672A04AE050075E816 /* CustomToastView.xib */ = {isa = PBXFileReference; lastKnownFileType = file.xib; path = CustomToastView.xib; sourceTree = "<group>"; };
		B03FE0982A86F14600944998 /* HistoryModel.xcdatamodel */ = {isa = PBXFileReference; lastKnownFileType = wrapper.xcdatamodel; path = HistoryModel.xcdatamodel; sourceTree = "<group>"; };
		B03FE09D2A86F3B100944998 /* MainView.swift */ = {isa = PBXFileReference; lastKnownFileType = sourcecode.swift; path = MainView.swift; sourceTree = "<group>"; };
		B03FE09F2A86F41700944998 /* HistoryView.swift */ = {isa = PBXFileReference; lastKnownFileType = sourcecode.swift; path = HistoryView.swift; sourceTree = "<group>"; };
		B03FE0A12A86F44000944998 /* SwiftUIModel.swift */ = {isa = PBXFileReference; lastKnownFileType = sourcecode.swift; path = SwiftUIModel.swift; sourceTree = "<group>"; };
		B03FE0A32A86F46700944998 /* CoreDataManager.swift */ = {isa = PBXFileReference; lastKnownFileType = sourcecode.swift; path = CoreDataManager.swift; sourceTree = "<group>"; };
		B03FE0A52A86F4A400944998 /* String+Extension.swift */ = {isa = PBXFileReference; lastKnownFileType = sourcecode.swift; path = "String+Extension.swift"; sourceTree = "<group>"; };
		B03FE0A82A8B04F600944998 /* ContentView.swift */ = {isa = PBXFileReference; lastKnownFileType = sourcecode.swift; path = ContentView.swift; sourceTree = "<group>"; };
		B03FE0AA2A92ED3200944998 /* ShowPaymentOptionsView.xib */ = {isa = PBXFileReference; lastKnownFileType = file.xib; path = ShowPaymentOptionsView.xib; sourceTree = "<group>"; };
		B03FE0AC2A92EE3700944998 /* ShowPaymentOptionsView.swift */ = {isa = PBXFileReference; lastKnownFileType = sourcecode.swift; path = ShowPaymentOptionsView.swift; sourceTree = "<group>"; };
		B03FE0AE2A96D11800944998 /* TextToSpeechViewController.swift */ = {isa = PBXFileReference; lastKnownFileType = sourcecode.swift; path = TextToSpeechViewController.swift; sourceTree = "<group>"; };
		B076CA402A9AC3E000FCC868 /* PaymentViewController.swift */ = {isa = PBXFileReference; lastKnownFileType = sourcecode.swift; path = PaymentViewController.swift; sourceTree = "<group>"; };
		B076CA442A9ACE0D00FCC868 /* PurchaseInfoCollectionViewCell.swift */ = {isa = PBXFileReference; lastKnownFileType = sourcecode.swift; path = PurchaseInfoCollectionViewCell.swift; sourceTree = "<group>"; };
		B076CA462A9AEA9C00FCC868 /* Constants.swift */ = {isa = PBXFileReference; lastKnownFileType = sourcecode.swift; path = Constants.swift; sourceTree = "<group>"; };
		B0AFEA6729B2C4A3007A29B9 /* CustomCollectionViewCell.swift */ = {isa = PBXFileReference; lastKnownFileType = sourcecode.swift; path = CustomCollectionViewCell.swift; sourceTree = "<group>"; };
		B0BF9547294950200099C33F /* DateNight.app */ = {isa = PBXFileReference; explicitFileType = wrapper.application; includeInIndex = 0; path = DateNight.app; sourceTree = BUILT_PRODUCTS_DIR; };
		B0BF954A294950200099C33F /* AppDelegate.swift */ = {isa = PBXFileReference; lastKnownFileType = sourcecode.swift; path = AppDelegate.swift; sourceTree = "<group>"; };
		B0BF954C294950200099C33F /* SceneDelegate.swift */ = {isa = PBXFileReference; lastKnownFileType = sourcecode.swift; path = SceneDelegate.swift; sourceTree = "<group>"; };
		B0BF954E294950200099C33F /* HomeViewController.swift */ = {isa = PBXFileReference; lastKnownFileType = sourcecode.swift; path = HomeViewController.swift; sourceTree = "<group>"; };
		B0BF9551294950200099C33F /* Base */ = {isa = PBXFileReference; lastKnownFileType = file.storyboard; name = Base; path = Base.lproj/Main.storyboard; sourceTree = "<group>"; };
		B0BF9553294950210099C33F /* Assets.xcassets */ = {isa = PBXFileReference; lastKnownFileType = folder.assetcatalog; path = Assets.xcassets; sourceTree = "<group>"; };
		B0BF9556294950210099C33F /* Base */ = {isa = PBXFileReference; lastKnownFileType = file.storyboard; name = Base; path = Base.lproj/LaunchScreen.storyboard; sourceTree = "<group>"; };
		B0BF9558294950210099C33F /* Info.plist */ = {isa = PBXFileReference; lastKnownFileType = text.plist.xml; path = Info.plist; sourceTree = "<group>"; };
		B0BF955E294960EC0099C33F /* Koloda.framework */ = {isa = PBXFileReference; explicitFileType = wrapper.framework; path = Koloda.framework; sourceTree = BUILT_PRODUCTS_DIR; };
		B0BF9560294986930099C33F /* CategoriesCollectionView.swift */ = {isa = PBXFileReference; lastKnownFileType = sourcecode.swift; path = CategoriesCollectionView.swift; sourceTree = "<group>"; };
		B0BF956229498AE40099C33F /* CategoryCollectionViewCell.swift */ = {isa = PBXFileReference; lastKnownFileType = sourcecode.swift; path = CategoryCollectionViewCell.swift; sourceTree = "<group>"; };
		B0BF9564294999DF0099C33F /* HeaderCollectionReusableView.swift */ = {isa = PBXFileReference; lastKnownFileType = sourcecode.swift; path = HeaderCollectionReusableView.swift; sourceTree = "<group>"; };
		B0BF9565294999DF0099C33F /* HeaderCollectionReusableView.xib */ = {isa = PBXFileReference; lastKnownFileType = file.xib; path = HeaderCollectionReusableView.xib; sourceTree = "<group>"; };
		B0C4D28B296201A800E3AB50 /* CustomizeViewController.swift */ = {isa = PBXFileReference; lastKnownFileType = sourcecode.swift; path = CustomizeViewController.swift; sourceTree = "<group>"; };
		B0C4D28F29622C7500E3AB50 /* DesignableX */ = {isa = PBXFileReference; lastKnownFileType = folder; path = DesignableX; sourceTree = "<group>"; };
		B0C6FA6E294EDF8B00C5B3EB /* data.json */ = {isa = PBXFileReference; fileEncoding = 4; lastKnownFileType = text.json; path = data.json; sourceTree = "<group>"; };
		B0C6FA71294EE23500C5B3EB /* Model.swift */ = {isa = PBXFileReference; lastKnownFileType = sourcecode.swift; path = Model.swift; sourceTree = "<group>"; };
		B0C6FA7A2958295800C5B3EB /* DataManager.swift */ = {isa = PBXFileReference; lastKnownFileType = sourcecode.swift; path = DataManager.swift; sourceTree = "<group>"; };
		B0C6FA7C29582BAB00C5B3EB /* Extensions.swift */ = {isa = PBXFileReference; lastKnownFileType = sourcecode.swift; path = Extensions.swift; sourceTree = "<group>"; };
		B0E3C2A229ABE70A00BBFE91 /* CreateCardViewController.swift */ = {isa = PBXFileReference; lastKnownFileType = sourcecode.swift; path = CreateCardViewController.swift; sourceTree = "<group>"; };
		B0F8D8AB2964C0D10069B057 /* BottomSheetViewController.swift */ = {isa = PBXFileReference; lastKnownFileType = sourcecode.swift; path = BottomSheetViewController.swift; sourceTree = "<group>"; };
		B0F8D8AD29655A230069B057 /* FavoritesCollectionReusableView.swift */ = {isa = PBXFileReference; lastKnownFileType = sourcecode.swift; path = FavoritesCollectionReusableView.swift; sourceTree = "<group>"; };
		B0F8D8AE29655A230069B057 /* FavoritesCollectionReusableView.xib */ = {isa = PBXFileReference; lastKnownFileType = file.xib; path = FavoritesCollectionReusableView.xib; sourceTree = "<group>"; };
/* End PBXFileReference section */

/* Begin PBXFrameworksBuildPhase section */
		B0BF9544294950200099C33F /* Frameworks */ = {
			isa = PBXFrameworksBuildPhase;
			buildActionMask = 2147483647;
			files = (
				B020D3DE2AC0FEC6003B1BED /* GoogleSignInSwift in Frameworks */,
				B027F4BB2B3FC1C90093BD17 /* BLTNBoard in Frameworks */,
				B020D3D12AC005C7003B1BED /* FirebaseDatabaseSwift in Frameworks */,
				B0AFEA6B29B92D04007A29B9 /* Toast in Frameworks */,
				B020D3CF2AC005C7003B1BED /* FirebaseAuth in Frameworks */,
				B03FE09C2A86F2ED00944998 /* OpenAISwift in Frameworks */,
				B020D3E52AC7B06F003B1BED /* ProgressHUD in Frameworks */,
				B0BF955F294960EC0099C33F /* Koloda.framework in Frameworks */,
				B027F4C02B4470E30093BD17 /* FirebaseMessaging in Frameworks */,
				B020D3D32AC005C7003B1BED /* FirebaseStorage in Frameworks */,
				B020D3F32AD523AC003B1BED /* Kingfisher in Frameworks */,
				B0C6FA772958290500C5B3EB /* Disk in Frameworks */,
				BE20F9012548500A175D3ED4 /* Pods_DateNight.framework in Frameworks */,
			);
			runOnlyForDeploymentPostprocessing = 0;
		};
/* End PBXFrameworksBuildPhase section */

/* Begin PBXGroup section */
		58D15786B3578B693A24669E /* Pods */ = {
			isa = PBXGroup;
			children = (
				3CEE1F98F8142C5A3EB66C91 /* Pods-DateNight.debug.xcconfig */,
				9FAC6A53F2581DFB8D1699A6 /* Pods-DateNight.release.xcconfig */,
			);
			path = Pods;
			sourceTree = "<group>";
		};
		5ACACE4E97B72D94911865BC /* Frameworks */ = {
			isa = PBXGroup;
			children = (
				B0BF955E294960EC0099C33F /* Koloda.framework */,
				009AF38AFBCBC5FC482807F7 /* Pods_DateNight.framework */,
			);
			name = Frameworks;
			sourceTree = "<group>";
		};
		B020D3C82ABD48A9003B1BED /* ViewControllers */ = {
			isa = PBXGroup;
			children = (
				B020D3C92ABD48D9003B1BED /* LogInViewController.swift */,
				B020D3CB2ABD48E5003B1BED /* RegisterViewController.swift */,
				B020D3D82AC01B38003B1BED /* KonnectViewController.swift */,
				B020D3E62AC7CCDA003B1BED /* SearchViewController.swift */,
				B020D3EB2AC8F40F003B1BED /* KonnectSessionViewController.swift */,
				B027F4B32B278F680093BD17 /* NotificationsViewController.swift */,
				B027F4B72B2BC1EE0093BD17 /* NotificationBottomSheetVC.swift */,
			);
			path = ViewControllers;
			sourceTree = "<group>";
		};
		B020D3E82AC7DD55003B1BED /* Cells */ = {
			isa = PBXGroup;
			children = (
				B020D3E92AC7DD7E003B1BED /* SearchUserTableviewCell.swift */,
				B027F4AF2AD776C60093BD17 /* KonnectVCTableCell.swift */,
				B027F4B12AE37B860093BD17 /* KonnectSessionCell.swift */,
				B027F4B52B2791300093BD17 /* NotificationsTableViewCell.swift */,
			);
			path = Cells;
			sourceTree = "<group>";
		};
		B03FE0A72A86FEE500944998 /* SwiftUI */ = {
			isa = PBXGroup;
			children = (
				B03FE09D2A86F3B100944998 /* MainView.swift */,
				B03FE09F2A86F41700944998 /* HistoryView.swift */,
				B03FE0A12A86F44000944998 /* SwiftUIModel.swift */,
				B03FE0A32A86F46700944998 /* CoreDataManager.swift */,
				B03FE0A52A86F4A400944998 /* String+Extension.swift */,
				B03FE0A82A8B04F600944998 /* ContentView.swift */,
			);
			path = SwiftUI;
			sourceTree = "<group>";
		};
		B0BF953E294950200099C33F = {
			isa = PBXGroup;
			children = (
				B020D3E82AC7DD55003B1BED /* Cells */,
				B020D3D62AC00871003B1BED /* GoogleService-Info.plist */,
				B020D3C62AA3A6CD003B1BED /* HomeCategoryCollectionViewCell.swift */,
				B076CA442A9ACE0D00FCC868 /* PurchaseInfoCollectionViewCell.swift */,
				B076CA402A9AC3E000FCC868 /* PaymentViewController.swift */,
				B03FE0AE2A96D11800944998 /* TextToSpeechViewController.swift */,
				B03FE0972A86F14600944998 /* HistoryModel.xcdatamodeld */,
				B020D3C82ABD48A9003B1BED /* ViewControllers */,
				B0C6FA792958294900C5B3EB /* Helpers */,
				B0C6FA782958293200C5B3EB /* Views */,
				B0C6FA70294EE21F00C5B3EB /* Model */,
				B0C4D28F29622C7500E3AB50 /* DesignableX */,
				B0BF9549294950200099C33F /* DateNight */,
				B0BF9548294950200099C33F /* Products */,
				58D15786B3578B693A24669E /* Pods */,
				5ACACE4E97B72D94911865BC /* Frameworks */,
			);
			sourceTree = "<group>";
		};
		B0BF9548294950200099C33F /* Products */ = {
			isa = PBXGroup;
			children = (
				B0BF9547294950200099C33F /* DateNight.app */,
			);
			name = Products;
			sourceTree = "<group>";
		};
		B0BF9549294950200099C33F /* DateNight */ = {
			isa = PBXGroup;
			children = (
				B027F4C12B4479E70093BD17 /* DateNight.entitlements */,
				B038A46129F634760075E816 /* ShowCreatedCatCell.swift */,
				B0C6FA6E294EDF8B00C5B3EB /* data.json */,
				B0BF954A294950200099C33F /* AppDelegate.swift */,
				B0BF954C294950200099C33F /* SceneDelegate.swift */,
				B0BF954E294950200099C33F /* HomeViewController.swift */,
				B0BF9550294950200099C33F /* Main.storyboard */,
				B038A4652A04ADFA0075E816 /* CustomToastView.swift */,
				B038A4672A04AE050075E816 /* CustomToastView.xib */,
				B0BF956229498AE40099C33F /* CategoryCollectionViewCell.swift */,
				B0BF9560294986930099C33F /* CategoriesCollectionView.swift */,
				B0BF9553294950210099C33F /* Assets.xcassets */,
				B0BF9555294950210099C33F /* LaunchScreen.storyboard */,
				B0BF9558294950210099C33F /* Info.plist */,
				B0C4D28B296201A800E3AB50 /* CustomizeViewController.swift */,
				B0F8D8AB2964C0D10069B057 /* BottomSheetViewController.swift */,
				B0E3C2A229ABE70A00BBFE91 /* CreateCardViewController.swift */,
				B0AFEA6729B2C4A3007A29B9 /* CustomCollectionViewCell.swift */,
				B038A45F29F62BEC0075E816 /* ShowCreatedCatViewController.swift */,
			);
			path = DateNight;
			sourceTree = "<group>";
		};
		B0C6FA70294EE21F00C5B3EB /* Model */ = {
			isa = PBXGroup;
			children = (
				B0C6FA71294EE23500C5B3EB /* Model.swift */,
			);
			name = Model;
			sourceTree = "<group>";
		};
		B0C6FA782958293200C5B3EB /* Views */ = {
			isa = PBXGroup;
			children = (
				B0BF9564294999DF0099C33F /* HeaderCollectionReusableView.swift */,
				B0BF9565294999DF0099C33F /* HeaderCollectionReusableView.xib */,
				B0F8D8AD29655A230069B057 /* FavoritesCollectionReusableView.swift */,
				B0F8D8AE29655A230069B057 /* FavoritesCollectionReusableView.xib */,
				B03FE0AA2A92ED3200944998 /* ShowPaymentOptionsView.xib */,
				B03FE0AC2A92EE3700944998 /* ShowPaymentOptionsView.swift */,
				B020D3ED2AC8FA8A003B1BED /* KonnectSessionView.xib */,
				B020D3EF2AC8FB14003B1BED /* KonnectSessionView.swift */,
				B03FE0A72A86FEE500944998 /* SwiftUI */,
				B020D3DF2AC53D57003B1BED /* TableHeader.swift */,
			);
			path = Views;
			sourceTree = "<group>";
		};
		B0C6FA792958294900C5B3EB /* Helpers */ = {
			isa = PBXGroup;
			children = (
				B038A45B29F6295E0075E816 /* CircleButtonView.swift */,
				B0C6FA7A2958295800C5B3EB /* DataManager.swift */,
				B0C6FA7C29582BAB00C5B3EB /* Extensions.swift */,
				B076CA462A9AEA9C00FCC868 /* Constants.swift */,
				B020D3DA2AC01D04003B1BED /* DatabaseManager.swift */,
				B020D3E12AC79EFF003B1BED /* StorageManager.swift */,
			);
			path = Helpers;
			sourceTree = "<group>";
		};
/* End PBXGroup section */

/* Begin PBXNativeTarget section */
		B0BF9546294950200099C33F /* DateNight */ = {
			isa = PBXNativeTarget;
			buildConfigurationList = B0BF955B294950210099C33F /* Build configuration list for PBXNativeTarget "DateNight" */;
			buildPhases = (
				F35F5447131EE1125C237E12 /* [CP] Check Pods Manifest.lock */,
				B0BF9543294950200099C33F /* Sources */,
				B0BF9544294950200099C33F /* Frameworks */,
				B0BF9545294950200099C33F /* Resources */,
				0C44A961AAAD78B7C4BCBE23 /* [CP] Embed Pods Frameworks */,
			);
			buildRules = (
			);
			dependencies = (
			);
			name = DateNight;
			packageProductDependencies = (
				B0C6FA762958290500C5B3EB /* Disk */,
				B0AFEA6A29B92D04007A29B9 /* Toast */,
				B03FE09B2A86F2ED00944998 /* OpenAISwift */,
				B020D3CE2AC005C7003B1BED /* FirebaseAuth */,
				B020D3D02AC005C7003B1BED /* FirebaseDatabaseSwift */,
				B020D3D22AC005C7003B1BED /* FirebaseStorage */,
				B020D3DD2AC0FEC6003B1BED /* GoogleSignInSwift */,
				B020D3E42AC7B06F003B1BED /* ProgressHUD */,
				B020D3F22AD523AC003B1BED /* Kingfisher */,
				B027F4BA2B3FC1C90093BD17 /* BLTNBoard */,
				B027F4BF2B4470E30093BD17 /* FirebaseMessaging */,
			);
			productName = DateNight;
			productReference = B0BF9547294950200099C33F /* DateNight.app */;
			productType = "com.apple.product-type.application";
		};
/* End PBXNativeTarget section */

/* Begin PBXProject section */
		B0BF953F294950200099C33F /* Project object */ = {
			isa = PBXProject;
			attributes = {
				BuildIndependentTargetsInParallel = 1;
				LastSwiftUpdateCheck = 1400;
				LastUpgradeCheck = 1400;
				TargetAttributes = {
					B0BF9546294950200099C33F = {
						CreatedOnToolsVersion = 14.0.1;
					};
				};
			};
			buildConfigurationList = B0BF9542294950200099C33F /* Build configuration list for PBXProject "DateNight" */;
			compatibilityVersion = "Xcode 14.0";
			developmentRegion = en;
			hasScannedForEncodings = 0;
			knownRegions = (
				en,
				Base,
			);
			mainGroup = B0BF953E294950200099C33F;
			packageReferences = (
				B0C6FA752958290500C5B3EB /* XCRemoteSwiftPackageReference "Disk" */,
				B0AFEA6929B92D04007A29B9 /* XCRemoteSwiftPackageReference "Toast-Swift" */,
				B03FE09A2A86F2ED00944998 /* XCRemoteSwiftPackageReference "OpenAISwift" */,
				B020D3CD2AC005C7003B1BED /* XCRemoteSwiftPackageReference "firebase-ios-sdk" */,
				B020D3DC2AC0FEC6003B1BED /* XCRemoteSwiftPackageReference "GoogleSignIn-iOS" */,
				B020D3E32AC7B06F003B1BED /* XCRemoteSwiftPackageReference "ProgressHUD" */,
				B020D3F12AD523AC003B1BED /* XCRemoteSwiftPackageReference "Kingfisher" */,
				B027F4B92B3FC1C80093BD17 /* XCRemoteSwiftPackageReference "BulletinBoard" */,
			);
			productRefGroup = B0BF9548294950200099C33F /* Products */;
			projectDirPath = "";
			projectRoot = "";
			targets = (
				B0BF9546294950200099C33F /* DateNight */,
			);
		};
/* End PBXProject section */

/* Begin PBXResourcesBuildPhase section */
		B0BF9545294950200099C33F /* Resources */ = {
			isa = PBXResourcesBuildPhase;
			buildActionMask = 2147483647;
			files = (
				B020D3D72AC00871003B1BED /* GoogleService-Info.plist in Resources */,
				B0BF9567294999DF0099C33F /* HeaderCollectionReusableView.xib in Resources */,
				B0C4D29029622C7500E3AB50 /* DesignableX in Resources */,
				B0F8D8B029655A230069B057 /* FavoritesCollectionReusableView.xib in Resources */,
				B0BF9557294950210099C33F /* LaunchScreen.storyboard in Resources */,
				B020D3EE2AC8FA8A003B1BED /* KonnectSessionView.xib in Resources */,
				B03FE0AB2A92ED3200944998 /* ShowPaymentOptionsView.xib in Resources */,
				B0BF9554294950210099C33F /* Assets.xcassets in Resources */,
				B038A4682A04AE050075E816 /* CustomToastView.xib in Resources */,
				B0C6FA6F294EDF8B00C5B3EB /* data.json in Resources */,
				B0BF9552294950200099C33F /* Main.storyboard in Resources */,
			);
			runOnlyForDeploymentPostprocessing = 0;
		};
/* End PBXResourcesBuildPhase section */

/* Begin PBXShellScriptBuildPhase section */
		0C44A961AAAD78B7C4BCBE23 /* [CP] Embed Pods Frameworks */ = {
			isa = PBXShellScriptBuildPhase;
			buildActionMask = 2147483647;
			files = (
			);
			inputFileListPaths = (
				"${PODS_ROOT}/Target Support Files/Pods-DateNight/Pods-DateNight-frameworks-${CONFIGURATION}-input-files.xcfilelist",
			);
			name = "[CP] Embed Pods Frameworks";
			outputFileListPaths = (
				"${PODS_ROOT}/Target Support Files/Pods-DateNight/Pods-DateNight-frameworks-${CONFIGURATION}-output-files.xcfilelist",
			);
			runOnlyForDeploymentPostprocessing = 0;
			shellPath = /bin/sh;
			shellScript = "\"${PODS_ROOT}/Target Support Files/Pods-DateNight/Pods-DateNight-frameworks.sh\"\n";
			showEnvVarsInLog = 0;
		};
		F35F5447131EE1125C237E12 /* [CP] Check Pods Manifest.lock */ = {
			isa = PBXShellScriptBuildPhase;
			buildActionMask = 2147483647;
			files = (
			);
			inputFileListPaths = (
			);
			inputPaths = (
				"${PODS_PODFILE_DIR_PATH}/Podfile.lock",
				"${PODS_ROOT}/Manifest.lock",
			);
			name = "[CP] Check Pods Manifest.lock";
			outputFileListPaths = (
			);
			outputPaths = (
				"$(DERIVED_FILE_DIR)/Pods-DateNight-checkManifestLockResult.txt",
			);
			runOnlyForDeploymentPostprocessing = 0;
			shellPath = /bin/sh;
			shellScript = "diff \"${PODS_PODFILE_DIR_PATH}/Podfile.lock\" \"${PODS_ROOT}/Manifest.lock\" > /dev/null\nif [ $? != 0 ] ; then\n    # print error to STDERR\n    echo \"error: The sandbox is not in sync with the Podfile.lock. Run 'pod install' or update your CocoaPods installation.\" >&2\n    exit 1\nfi\n# This output is used by Xcode 'outputs' to avoid re-running this script phase.\necho \"SUCCESS\" > \"${SCRIPT_OUTPUT_FILE_0}\"\n";
			showEnvVarsInLog = 0;
		};
/* End PBXShellScriptBuildPhase section */

/* Begin PBXSourcesBuildPhase section */
		B0BF9543294950200099C33F /* Sources */ = {
			isa = PBXSourcesBuildPhase;
			buildActionMask = 2147483647;
			files = (
				B027F4B82B2BC1EE0093BD17 /* NotificationBottomSheetVC.swift in Sources */,
				B0C6FA72294EE23500C5B3EB /* Model.swift in Sources */,
				B03FE0A92A8B04F600944998 /* ContentView.swift in Sources */,
				B020D3EC2AC8F40F003B1BED /* KonnectSessionViewController.swift in Sources */,
				B038A46029F62BEC0075E816 /* ShowCreatedCatViewController.swift in Sources */,
				B0AFEA6829B2C4A3007A29B9 /* CustomCollectionViewCell.swift in Sources */,
				B020D3E72AC7CCDA003B1BED /* SearchViewController.swift in Sources */,
				B0F8D8AC2964C0D10069B057 /* BottomSheetViewController.swift in Sources */,
				B020D3E02AC53D57003B1BED /* TableHeader.swift in Sources */,
				B076CA472A9AEA9C00FCC868 /* Constants.swift in Sources */,
				B038A45C29F6295E0075E816 /* CircleButtonView.swift in Sources */,
				B020D3D92AC01B38003B1BED /* KonnectViewController.swift in Sources */,
				B020D3E22AC79EFF003B1BED /* StorageManager.swift in Sources */,
				B038A4662A04ADFA0075E816 /* CustomToastView.swift in Sources */,
				B076CA412A9AC3E000FCC868 /* PaymentViewController.swift in Sources */,
				B027F4B22AE37B860093BD17 /* KonnectSessionCell.swift in Sources */,
				B076CA452A9ACE0D00FCC868 /* PurchaseInfoCollectionViewCell.swift in Sources */,
				B0C6FA7D29582BAB00C5B3EB /* Extensions.swift in Sources */,
				B03FE0A02A86F41700944998 /* HistoryView.swift in Sources */,
				B020D3CC2ABD48E5003B1BED /* RegisterViewController.swift in Sources */,
				B027F4B42B278F680093BD17 /* NotificationsViewController.swift in Sources */,
				B020D3CA2ABD48D9003B1BED /* LogInViewController.swift in Sources */,
				B03FE0A42A86F46700944998 /* CoreDataManager.swift in Sources */,
				B0C6FA7B2958295800C5B3EB /* DataManager.swift in Sources */,
				B020D3C72AA3A6CD003B1BED /* HomeCategoryCollectionViewCell.swift in Sources */,
				B0C4D28C296201A800E3AB50 /* CustomizeViewController.swift in Sources */,
				B0E3C2A329ABE70A00BBFE91 /* CreateCardViewController.swift in Sources */,
				B038A46229F634760075E816 /* ShowCreatedCatCell.swift in Sources */,
				B0BF954F294950200099C33F /* HomeViewController.swift in Sources */,
				B03FE0992A86F14600944998 /* HistoryModel.xcdatamodeld in Sources */,
				B03FE09E2A86F3B100944998 /* MainView.swift in Sources */,
				B020D3EA2AC7DD7E003B1BED /* SearchUserTableviewCell.swift in Sources */,
				B03FE0A62A86F4A400944998 /* String+Extension.swift in Sources */,
				B020D3F02AC8FB14003B1BED /* KonnectSessionView.swift in Sources */,
				B0BF956329498AE40099C33F /* CategoryCollectionViewCell.swift in Sources */,
				B03FE0AD2A92EE3700944998 /* ShowPaymentOptionsView.swift in Sources */,
				B020D3DB2AC01D04003B1BED /* DatabaseManager.swift in Sources */,
				B0BF954B294950200099C33F /* AppDelegate.swift in Sources */,
				B03FE0AF2A96D11800944998 /* TextToSpeechViewController.swift in Sources */,
				B0BF9561294986930099C33F /* CategoriesCollectionView.swift in Sources */,
				B0F8D8AF29655A230069B057 /* FavoritesCollectionReusableView.swift in Sources */,
				B03FE0A22A86F44000944998 /* SwiftUIModel.swift in Sources */,
				B0BF9566294999DF0099C33F /* HeaderCollectionReusableView.swift in Sources */,
				B027F4B62B2791300093BD17 /* NotificationsTableViewCell.swift in Sources */,
				B027F4B02AD776C60093BD17 /* KonnectVCTableCell.swift in Sources */,
				B0BF954D294950200099C33F /* SceneDelegate.swift in Sources */,
			);
			runOnlyForDeploymentPostprocessing = 0;
		};
/* End PBXSourcesBuildPhase section */

/* Begin PBXVariantGroup section */
		B0BF9550294950200099C33F /* Main.storyboard */ = {
			isa = PBXVariantGroup;
			children = (
				B0BF9551294950200099C33F /* Base */,
			);
			name = Main.storyboard;
			sourceTree = "<group>";
		};
		B0BF9555294950210099C33F /* LaunchScreen.storyboard */ = {
			isa = PBXVariantGroup;
			children = (
				B0BF9556294950210099C33F /* Base */,
			);
			name = LaunchScreen.storyboard;
			sourceTree = "<group>";
		};
/* End PBXVariantGroup section */

/* Begin XCBuildConfiguration section */
		B0BF9559294950210099C33F /* Debug */ = {
			isa = XCBuildConfiguration;
			buildSettings = {
				ALWAYS_SEARCH_USER_PATHS = NO;
				CLANG_ANALYZER_NONNULL = YES;
				CLANG_ANALYZER_NUMBER_OBJECT_CONVERSION = YES_AGGRESSIVE;
				CLANG_CXX_LANGUAGE_STANDARD = "gnu++20";
				CLANG_ENABLE_MODULES = YES;
				CLANG_ENABLE_OBJC_ARC = YES;
				CLANG_ENABLE_OBJC_WEAK = YES;
				CLANG_WARN_BLOCK_CAPTURE_AUTORELEASING = YES;
				CLANG_WARN_BOOL_CONVERSION = YES;
				CLANG_WARN_COMMA = YES;
				CLANG_WARN_CONSTANT_CONVERSION = YES;
				CLANG_WARN_DEPRECATED_OBJC_IMPLEMENTATIONS = YES;
				CLANG_WARN_DIRECT_OBJC_ISA_USAGE = YES_ERROR;
				CLANG_WARN_DOCUMENTATION_COMMENTS = YES;
				CLANG_WARN_EMPTY_BODY = YES;
				CLANG_WARN_ENUM_CONVERSION = YES;
				CLANG_WARN_INFINITE_RECURSION = YES;
				CLANG_WARN_INT_CONVERSION = YES;
				CLANG_WARN_NON_LITERAL_NULL_CONVERSION = YES;
				CLANG_WARN_OBJC_IMPLICIT_RETAIN_SELF = YES;
				CLANG_WARN_OBJC_LITERAL_CONVERSION = YES;
				CLANG_WARN_OBJC_ROOT_CLASS = YES_ERROR;
				CLANG_WARN_QUOTED_INCLUDE_IN_FRAMEWORK_HEADER = YES;
				CLANG_WARN_RANGE_LOOP_ANALYSIS = YES;
				CLANG_WARN_STRICT_PROTOTYPES = YES;
				CLANG_WARN_SUSPICIOUS_MOVE = YES;
				CLANG_WARN_UNGUARDED_AVAILABILITY = YES_AGGRESSIVE;
				CLANG_WARN_UNREACHABLE_CODE = YES;
				CLANG_WARN__DUPLICATE_METHOD_MATCH = YES;
				COPY_PHASE_STRIP = NO;
				DEBUG_INFORMATION_FORMAT = dwarf;
				ENABLE_STRICT_OBJC_MSGSEND = YES;
				ENABLE_TESTABILITY = YES;
				GCC_C_LANGUAGE_STANDARD = gnu11;
				GCC_DYNAMIC_NO_PIC = NO;
				GCC_NO_COMMON_BLOCKS = YES;
				GCC_OPTIMIZATION_LEVEL = 0;
				GCC_PREPROCESSOR_DEFINITIONS = (
					"DEBUG=1",
					"$(inherited)",
				);
				GCC_WARN_64_TO_32_BIT_CONVERSION = YES;
				GCC_WARN_ABOUT_RETURN_TYPE = YES_ERROR;
				GCC_WARN_UNDECLARED_SELECTOR = YES;
				GCC_WARN_UNINITIALIZED_AUTOS = YES_AGGRESSIVE;
				GCC_WARN_UNUSED_FUNCTION = YES;
				GCC_WARN_UNUSED_VARIABLE = YES;
				IPHONEOS_DEPLOYMENT_TARGET = 16.0;
				MTL_ENABLE_DEBUG_INFO = INCLUDE_SOURCE;
				MTL_FAST_MATH = YES;
				ONLY_ACTIVE_ARCH = YES;
				SDKROOT = iphoneos;
				SWIFT_ACTIVE_COMPILATION_CONDITIONS = DEBUG;
				SWIFT_OPTIMIZATION_LEVEL = "-Onone";
			};
			name = Debug;
		};
		B0BF955A294950210099C33F /* Release */ = {
			isa = XCBuildConfiguration;
			buildSettings = {
				ALWAYS_SEARCH_USER_PATHS = NO;
				CLANG_ANALYZER_NONNULL = YES;
				CLANG_ANALYZER_NUMBER_OBJECT_CONVERSION = YES_AGGRESSIVE;
				CLANG_CXX_LANGUAGE_STANDARD = "gnu++20";
				CLANG_ENABLE_MODULES = YES;
				CLANG_ENABLE_OBJC_ARC = YES;
				CLANG_ENABLE_OBJC_WEAK = YES;
				CLANG_WARN_BLOCK_CAPTURE_AUTORELEASING = YES;
				CLANG_WARN_BOOL_CONVERSION = YES;
				CLANG_WARN_COMMA = YES;
				CLANG_WARN_CONSTANT_CONVERSION = YES;
				CLANG_WARN_DEPRECATED_OBJC_IMPLEMENTATIONS = YES;
				CLANG_WARN_DIRECT_OBJC_ISA_USAGE = YES_ERROR;
				CLANG_WARN_DOCUMENTATION_COMMENTS = YES;
				CLANG_WARN_EMPTY_BODY = YES;
				CLANG_WARN_ENUM_CONVERSION = YES;
				CLANG_WARN_INFINITE_RECURSION = YES;
				CLANG_WARN_INT_CONVERSION = YES;
				CLANG_WARN_NON_LITERAL_NULL_CONVERSION = YES;
				CLANG_WARN_OBJC_IMPLICIT_RETAIN_SELF = YES;
				CLANG_WARN_OBJC_LITERAL_CONVERSION = YES;
				CLANG_WARN_OBJC_ROOT_CLASS = YES_ERROR;
				CLANG_WARN_QUOTED_INCLUDE_IN_FRAMEWORK_HEADER = YES;
				CLANG_WARN_RANGE_LOOP_ANALYSIS = YES;
				CLANG_WARN_STRICT_PROTOTYPES = YES;
				CLANG_WARN_SUSPICIOUS_MOVE = YES;
				CLANG_WARN_UNGUARDED_AVAILABILITY = YES_AGGRESSIVE;
				CLANG_WARN_UNREACHABLE_CODE = YES;
				CLANG_WARN__DUPLICATE_METHOD_MATCH = YES;
				COPY_PHASE_STRIP = NO;
				DEBUG_INFORMATION_FORMAT = "dwarf-with-dsym";
				ENABLE_NS_ASSERTIONS = NO;
				ENABLE_STRICT_OBJC_MSGSEND = YES;
				GCC_C_LANGUAGE_STANDARD = gnu11;
				GCC_NO_COMMON_BLOCKS = YES;
				GCC_WARN_64_TO_32_BIT_CONVERSION = YES;
				GCC_WARN_ABOUT_RETURN_TYPE = YES_ERROR;
				GCC_WARN_UNDECLARED_SELECTOR = YES;
				GCC_WARN_UNINITIALIZED_AUTOS = YES_AGGRESSIVE;
				GCC_WARN_UNUSED_FUNCTION = YES;
				GCC_WARN_UNUSED_VARIABLE = YES;
				IPHONEOS_DEPLOYMENT_TARGET = 16.0;
				MTL_ENABLE_DEBUG_INFO = NO;
				MTL_FAST_MATH = YES;
				SDKROOT = iphoneos;
				SWIFT_COMPILATION_MODE = wholemodule;
				SWIFT_OPTIMIZATION_LEVEL = "-O";
				VALIDATE_PRODUCT = YES;
			};
			name = Release;
		};
		B0BF955C294950210099C33F /* Debug */ = {
			isa = XCBuildConfiguration;
			baseConfigurationReference = 3CEE1F98F8142C5A3EB66C91 /* Pods-DateNight.debug.xcconfig */;
			buildSettings = {
				ASSETCATALOG_COMPILER_APPICON_NAME = AppIcon;
				ASSETCATALOG_COMPILER_GLOBAL_ACCENT_COLOR_NAME = AccentColor;
				CODE_SIGN_ENTITLEMENTS = DateNight/DateNight.entitlements;
				CODE_SIGN_STYLE = Automatic;
				CURRENT_PROJECT_VERSION = 1;
				DEVELOPMENT_TEAM = BKH3GS3PN2;
				GENERATE_INFOPLIST_FILE = YES;
				INFOPLIST_FILE = DateNight/Info.plist;
				INFOPLIST_KEY_NSPhotoLibraryUsageDescription = "Allow this app to save photo to your photo library";
				INFOPLIST_KEY_UIApplicationSupportsIndirectInputEvents = YES;
				INFOPLIST_KEY_UILaunchStoryboardName = LaunchScreen;
				INFOPLIST_KEY_UIMainStoryboardFile = Main;
				INFOPLIST_KEY_UISupportedInterfaceOrientations_iPad = "UIInterfaceOrientationPortrait UIInterfaceOrientationPortraitUpsideDown UIInterfaceOrientationLandscapeLeft UIInterfaceOrientationLandscapeRight";
				INFOPLIST_KEY_UISupportedInterfaceOrientations_iPhone = "UIInterfaceOrientationPortrait UIInterfaceOrientationLandscapeLeft UIInterfaceOrientationLandscapeRight";
				IPHONEOS_DEPLOYMENT_TARGET = 16.0;
				LD_RUNPATH_SEARCH_PATHS = (
					"$(inherited)",
					"@executable_path/Frameworks",
				);
				MARKETING_VERSION = 1.0;
				PRODUCT_BUNDLE_IDENTIFIER = waynewilliamsapps.DateNight;
				PRODUCT_NAME = "$(TARGET_NAME)";
				SWIFT_EMIT_LOC_STRINGS = YES;
				SWIFT_VERSION = 5.0;
				TARGETED_DEVICE_FAMILY = "1,2";
			};
			name = Debug;
		};
		B0BF955D294950210099C33F /* Release */ = {
			isa = XCBuildConfiguration;
			baseConfigurationReference = 9FAC6A53F2581DFB8D1699A6 /* Pods-DateNight.release.xcconfig */;
			buildSettings = {
				ASSETCATALOG_COMPILER_APPICON_NAME = AppIcon;
				ASSETCATALOG_COMPILER_GLOBAL_ACCENT_COLOR_NAME = AccentColor;
				CODE_SIGN_ENTITLEMENTS = DateNight/DateNight.entitlements;
				CODE_SIGN_STYLE = Automatic;
				CURRENT_PROJECT_VERSION = 1;
				DEVELOPMENT_TEAM = BKH3GS3PN2;
				GENERATE_INFOPLIST_FILE = YES;
				INFOPLIST_FILE = DateNight/Info.plist;
				INFOPLIST_KEY_NSPhotoLibraryUsageDescription = "Allow this app to save photo to your photo library";
				INFOPLIST_KEY_UIApplicationSupportsIndirectInputEvents = YES;
				INFOPLIST_KEY_UILaunchStoryboardName = LaunchScreen;
				INFOPLIST_KEY_UIMainStoryboardFile = Main;
				INFOPLIST_KEY_UISupportedInterfaceOrientations_iPad = "UIInterfaceOrientationPortrait UIInterfaceOrientationPortraitUpsideDown UIInterfaceOrientationLandscapeLeft UIInterfaceOrientationLandscapeRight";
				INFOPLIST_KEY_UISupportedInterfaceOrientations_iPhone = "UIInterfaceOrientationPortrait UIInterfaceOrientationLandscapeLeft UIInterfaceOrientationLandscapeRight";
				IPHONEOS_DEPLOYMENT_TARGET = 16.0;
				LD_RUNPATH_SEARCH_PATHS = (
					"$(inherited)",
					"@executable_path/Frameworks",
				);
				MARKETING_VERSION = 1.0;
				PRODUCT_BUNDLE_IDENTIFIER = waynewilliamsapps.DateNight;
				PRODUCT_NAME = "$(TARGET_NAME)";
				SWIFT_EMIT_LOC_STRINGS = YES;
				SWIFT_VERSION = 5.0;
				TARGETED_DEVICE_FAMILY = "1,2";
			};
			name = Release;
		};
/* End XCBuildConfiguration section */

/* Begin XCConfigurationList section */
		B0BF9542294950200099C33F /* Build configuration list for PBXProject "DateNight" */ = {
			isa = XCConfigurationList;
			buildConfigurations = (
				B0BF9559294950210099C33F /* Debug */,
				B0BF955A294950210099C33F /* Release */,
			);
			defaultConfigurationIsVisible = 0;
			defaultConfigurationName = Release;
		};
		B0BF955B294950210099C33F /* Build configuration list for PBXNativeTarget "DateNight" */ = {
			isa = XCConfigurationList;
			buildConfigurations = (
				B0BF955C294950210099C33F /* Debug */,
				B0BF955D294950210099C33F /* Release */,
			);
			defaultConfigurationIsVisible = 0;
			defaultConfigurationName = Release;
		};
/* End XCConfigurationList section */

/* Begin XCRemoteSwiftPackageReference section */
		B020D3CD2AC005C7003B1BED /* XCRemoteSwiftPackageReference "firebase-ios-sdk" */ = {
			isa = XCRemoteSwiftPackageReference;
			repositoryURL = "https://github.com/firebase/firebase-ios-sdk.git";
			requirement = {
				kind = upToNextMajorVersion;
				minimumVersion = 9.0.0;
			};
		};
		B020D3DC2AC0FEC6003B1BED /* XCRemoteSwiftPackageReference "GoogleSignIn-iOS" */ = {
			isa = XCRemoteSwiftPackageReference;
			repositoryURL = "https://github.com/google/GoogleSignIn-iOS";
			requirement = {
				kind = upToNextMajorVersion;
				minimumVersion = 7.0.0;
			};
		};
		B020D3E32AC7B06F003B1BED /* XCRemoteSwiftPackageReference "ProgressHUD" */ = {
			isa = XCRemoteSwiftPackageReference;
			repositoryURL = "https://github.com/relatedcode/ProgressHUD.git";
			requirement = {
				kind = upToNextMajorVersion;
				minimumVersion = 13.0.0;
			};
		};
		B020D3F12AD523AC003B1BED /* XCRemoteSwiftPackageReference "Kingfisher" */ = {
			isa = XCRemoteSwiftPackageReference;
			repositoryURL = "https://github.com/onevcat/Kingfisher.git";
			requirement = {
				kind = upToNextMajorVersion;
				minimumVersion = 7.0.0;
			};
		};
		B027F4B92B3FC1C80093BD17 /* XCRemoteSwiftPackageReference "BulletinBoard" */ = {
			isa = XCRemoteSwiftPackageReference;
			repositoryURL = "https://github.com/alexaubry/BulletinBoard.git";
			requirement = {
				kind = upToNextMajorVersion;
				minimumVersion = 5.0.0;
			};
		};
		B03FE09A2A86F2ED00944998 /* XCRemoteSwiftPackageReference "OpenAISwift" */ = {
			isa = XCRemoteSwiftPackageReference;
			repositoryURL = "https://github.com/adamrushy/OpenAISwift.git";
			requirement = {
				kind = upToNextMajorVersion;
				minimumVersion = 1.0.0;
			};
		};
		B0AFEA6929B92D04007A29B9 /* XCRemoteSwiftPackageReference "Toast-Swift" */ = {
			isa = XCRemoteSwiftPackageReference;
			repositoryURL = "https://github.com/scalessec/Toast-Swift";
			requirement = {
				kind = upToNextMajorVersion;
				minimumVersion = 5.0.0;
			};
		};
		B0C6FA752958290500C5B3EB /* XCRemoteSwiftPackageReference "Disk" */ = {
			isa = XCRemoteSwiftPackageReference;
			repositoryURL = "https://github.com/saoudrizwan/Disk";
			requirement = {
				kind = upToNextMajorVersion;
				minimumVersion = 0.6.4;
			};
		};
/* End XCRemoteSwiftPackageReference section */

/* Begin XCSwiftPackageProductDependency section */
		B020D3CE2AC005C7003B1BED /* FirebaseAuth */ = {
			isa = XCSwiftPackageProductDependency;
			package = B020D3CD2AC005C7003B1BED /* XCRemoteSwiftPackageReference "firebase-ios-sdk" */;
			productName = FirebaseAuth;
		};
		B020D3D02AC005C7003B1BED /* FirebaseDatabaseSwift */ = {
			isa = XCSwiftPackageProductDependency;
			package = B020D3CD2AC005C7003B1BED /* XCRemoteSwiftPackageReference "firebase-ios-sdk" */;
			productName = FirebaseDatabaseSwift;
		};
		B020D3D22AC005C7003B1BED /* FirebaseStorage */ = {
			isa = XCSwiftPackageProductDependency;
			package = B020D3CD2AC005C7003B1BED /* XCRemoteSwiftPackageReference "firebase-ios-sdk" */;
			productName = FirebaseStorage;
		};
		B020D3DD2AC0FEC6003B1BED /* GoogleSignInSwift */ = {
			isa = XCSwiftPackageProductDependency;
			package = B020D3DC2AC0FEC6003B1BED /* XCRemoteSwiftPackageReference "GoogleSignIn-iOS" */;
			productName = GoogleSignInSwift;
		};
		B020D3E42AC7B06F003B1BED /* ProgressHUD */ = {
			isa = XCSwiftPackageProductDependency;
			package = B020D3E32AC7B06F003B1BED /* XCRemoteSwiftPackageReference "ProgressHUD" */;
			productName = ProgressHUD;
		};
		B020D3F22AD523AC003B1BED /* Kingfisher */ = {
			isa = XCSwiftPackageProductDependency;
			package = B020D3F12AD523AC003B1BED /* XCRemoteSwiftPackageReference "Kingfisher" */;
			productName = Kingfisher;
		};
		B027F4BA2B3FC1C90093BD17 /* BLTNBoard */ = {
			isa = XCSwiftPackageProductDependency;
			package = B027F4B92B3FC1C80093BD17 /* XCRemoteSwiftPackageReference "BulletinBoard" */;
			productName = BLTNBoard;
		};
		B027F4BF2B4470E30093BD17 /* FirebaseMessaging */ = {
			isa = XCSwiftPackageProductDependency;
			package = B020D3CD2AC005C7003B1BED /* XCRemoteSwiftPackageReference "firebase-ios-sdk" */;
			productName = FirebaseMessaging;
		};
		B03FE09B2A86F2ED00944998 /* OpenAISwift */ = {
			isa = XCSwiftPackageProductDependency;
			package = B03FE09A2A86F2ED00944998 /* XCRemoteSwiftPackageReference "OpenAISwift" */;
			productName = OpenAISwift;
		};
		B0AFEA6A29B92D04007A29B9 /* Toast */ = {
			isa = XCSwiftPackageProductDependency;
			package = B0AFEA6929B92D04007A29B9 /* XCRemoteSwiftPackageReference "Toast-Swift" */;
			productName = Toast;
		};
		B0C6FA762958290500C5B3EB /* Disk */ = {
			isa = XCSwiftPackageProductDependency;
			package = B0C6FA752958290500C5B3EB /* XCRemoteSwiftPackageReference "Disk" */;
			productName = Disk;
		};
/* End XCSwiftPackageProductDependency section */

/* Begin XCVersionGroup section */
		B03FE0972A86F14600944998 /* HistoryModel.xcdatamodeld */ = {
			isa = XCVersionGroup;
			children = (
				B03FE0982A86F14600944998 /* HistoryModel.xcdatamodel */,
			);
			currentVersion = B03FE0982A86F14600944998 /* HistoryModel.xcdatamodel */;
			path = HistoryModel.xcdatamodeld;
			sourceTree = "<group>";
			versionGroupType = wrapper.xcdatamodel;
		};
/* End XCVersionGroup section */
	};
	rootObject = B0BF953F294950200099C33F /* Project object */;
}
